
Microsoft Visual Studio Solution File, Format Version 12.00
# Visual Studio 15
VisualStudioVersion = 15.0.28010.2026
MinimumVisualStudioVersion = 10.0.40219.1
Project("{FAE04EC0-301F-11D3-BF4B-00C04F79EFBC}") = "SearchInFile", "SearchInFile\SearchInFile.csproj", "{0B1BEFB5-D31E-4D86-96A6-0328080E156A}"
EndProject
Project("{2150E333-8FDC-42A3-9474-1A3956D46DE8}") = "View", "View", "{48C1DAD4-D35D-41D1-A60E-D09C2A46CF7D}"
EndProject
Project("{2150E333-8FDC-42A3-9474-1A3956D46DE8}") = "Model", "Model", "{0591AE70-E7F0-4724-A694-6643AD80E5FC}"
EndProject
Project("{FAE04EC0-301F-11D3-BF4B-00C04F79EFBC}") = "ISearcher", "ISearcher\ISearcher.csproj", "{890CEED3-2777-47B4-AC23-F5F027A15006}"
EndProject
Project("{FAE04EC0-301F-11D3-BF4B-00C04F79EFBC}") = "InexactSearch", "InexactSearch\InexactSearch.csproj", "{2AE501B3-804C-4B04-93D2-0761A2701720}"
EndProject
Project("{FAE04EC0-301F-11D3-BF4B-00C04F79EFBC}") = "ExactSearch", "ExactSearch\ExactSearch.csproj", "{9EF38C39-BC54-4400-99C7-78DEA7D9462C}"
EndProject
Project("{2150E333-8FDC-42A3-9474-1A3956D46DE8}") = "Presenter", "Presenter", "{83F0D4B0-7B5E-4096-843E-C705950C17BD}"
EndProject
Project("{FAE04EC0-301F-11D3-BF4B-00C04F79EFBC}") = "Model", "Model\Model.csproj", "{7D6C676B-7C74-44DD-B60F-A2B355204798}"
EndProject
Project("{FAE04EC0-301F-11D3-BF4B-00C04F79EFBC}") = "Presenter", "Presenter\Presenter.csproj", "{2C3E6015-25CA-4113-BDFA-834227E2CDFC}"
EndProject
Project("{FAE04EC0-301F-11D3-BF4B-00C04F79EFBC}") = "IMainView", "IMainView\IMainView.csproj", "{A20481FD-47C8-41D2-9C96-90DCB3841984}"
EndProject
Project("{FAE04EC0-301F-11D3-BF4B-00C04F79EFBC}") = "IModel", "IModel\IModel.csproj", "{D3DE27C9-A7D4-43DF-AEBD-51BBCD13EE92}"
EndProject
Project("{FAE04EC0-301F-11D3-BF4B-00C04F79EFBC}") = "MainViewWinForm", "MainViewWinForm\MainViewWinForm.csproj", "{78166C1D-1D11-48D9-9779-68AE39FDBF61}"
EndProject
Global
	GlobalSection(SolutionConfigurationPlatforms) = preSolution
		Debug|Any CPU = Debug|Any CPU
		Release|Any CPU = Release|Any CPU
	EndGlobalSection
	GlobalSection(ProjectConfigurationPlatforms) = postSolution
		{0B1BEFB5-D31E-4D86-96A6-0328080E156A}.Debug|Any CPU.ActiveCfg = Debug|Any CPU
		{0B1BEFB5-D31E-4D86-96A6-0328080E156A}.Debug|Any CPU.Build.0 = Debug|Any CPU
		{0B1BEFB5-D31E-4D86-96A6-0328080E156A}.Release|Any CPU.ActiveCfg = Release|Any CPU
		{0B1BEFB5-D31E-4D86-96A6-0328080E156A}.Release|Any CPU.Build.0 = Release|Any CPU
		{890CEED3-2777-47B4-AC23-F5F027A15006}.Debug|Any CPU.ActiveCfg = Debug|Any CPU
		{890CEED3-2777-47B4-AC23-F5F027A15006}.Debug|Any CPU.Build.0 = Debug|Any CPU
		{890CEED3-2777-47B4-AC23-F5F027A15006}.Release|Any CPU.ActiveCfg = Release|Any CPU
		{890CEED3-2777-47B4-AC23-F5F027A15006}.Release|Any CPU.Build.0 = Release|Any CPU
		{2AE501B3-804C-4B04-93D2-0761A2701720}.Debug|Any CPU.ActiveCfg = Debug|Any CPU
		{2AE501B3-804C-4B04-93D2-0761A2701720}.Debug|Any CPU.Build.0 = Debug|Any CPU
		{2AE501B3-804C-4B04-93D2-0761A2701720}.Release|Any CPU.ActiveCfg = Release|Any CPU
		{2AE501B3-804C-4B04-93D2-0761A2701720}.Release|Any CPU.Build.0 = Release|Any CPU
		{9EF38C39-BC54-4400-99C7-78DEA7D9462C}.Debug|Any CPU.ActiveCfg = Debug|Any CPU
		{9EF38C39-BC54-4400-99C7-78DEA7D9462C}.Debug|Any CPU.Build.0 = Debug|Any CPU
		{9EF38C39-BC54-4400-99C7-78DEA7D9462C}.Release|Any CPU.ActiveCfg = Release|Any CPU
		{9EF38C39-BC54-4400-99C7-78DEA7D9462C}.Release|Any CPU.Build.0 = Release|Any CPU
		{7D6C676B-7C74-44DD-B60F-A2B355204798}.Debug|Any CPU.ActiveCfg = Debug|Any CPU
		{7D6C676B-7C74-44DD-B60F-A2B355204798}.Debug|Any CPU.Build.0 = Debug|Any CPU
		{7D6C676B-7C74-44DD-B60F-A2B355204798}.Release|Any CPU.ActiveCfg = Release|Any CPU
		{7D6C676B-7C74-44DD-B60F-A2B355204798}.Release|Any CPU.Build.0 = Release|Any CPU
		{2C3E6015-25CA-4113-BDFA-834227E2CDFC}.Debug|Any CPU.ActiveCfg = Debug|Any CPU
		{2C3E6015-25CA-4113-BDFA-834227E2CDFC}.Debug|Any CPU.Build.0 = Debug|Any CPU
		{2C3E6015-25CA-4113-BDFA-834227E2CDFC}.Release|Any CPU.ActiveCfg = Release|Any CPU
		{2C3E6015-25CA-4113-BDFA-834227E2CDFC}.Release|Any CPU.Build.0 = Release|Any CPU
		{A20481FD-47C8-41D2-9C96-90DCB3841984}.Debug|Any CPU.ActiveCfg = Debug|Any CPU
		{A20481FD-47C8-41D2-9C96-90DCB3841984}.Debug|Any CPU.Build.0 = Debug|Any CPU
		{A20481FD-47C8-41D2-9C96-90DCB3841984}.Release|Any CPU.ActiveCfg = Release|Any CPU
		{A20481FD-47C8-41D2-9C96-90DCB3841984}.Release|Any CPU.Build.0 = Release|Any CPU
		{D3DE27C9-A7D4-43DF-AEBD-51BBCD13EE92}.Debug|Any CPU.ActiveCfg = Debug|Any CPU
		{D3DE27C9-A7D4-43DF-AEBD-51BBCD13EE92}.Debug|Any CPU.Build.0 = Debug|Any CPU
		{D3DE27C9-A7D4-43DF-AEBD-51BBCD13EE92}.Release|Any CPU.ActiveCfg = Release|Any CPU
		{D3DE27C9-A7D4-43DF-AEBD-51BBCD13EE92}.Release|Any CPU.Build.0 = Release|Any CPU
		{78166C1D-1D11-48D9-9779-68AE39FDBF61}.Debug|Any CPU.ActiveCfg = Debug|Any CPU
		{78166C1D-1D11-48D9-9779-68AE39FDBF61}.Debug|Any CPU.Build.0 = Debug|Any CPU
		{78166C1D-1D11-48D9-9779-68AE39FDBF61}.Release|Any CPU.ActiveCfg = Release|Any CPU
		{78166C1D-1D11-48D9-9779-68AE39FDBF61}.Release|Any CPU.Build.0 = Release|Any CPU
	EndGlobalSection
	GlobalSection(SolutionProperties) = preSolution
		HideSolutionNode = FALSE
	EndGlobalSection
	GlobalSection(NestedProjects) = preSolution
		{0B1BEFB5-D31E-4D86-96A6-0328080E156A} = {48C1DAD4-D35D-41D1-A60E-D09C2A46CF7D}
		{890CEED3-2777-47B4-AC23-F5F027A15006} = {0591AE70-E7F0-4724-A694-6643AD80E5FC}
		{7D6C676B-7C74-44DD-B60F-A2B355204798} = {0591AE70-E7F0-4724-A694-6643AD80E5FC}
		{2C3E6015-25CA-4113-BDFA-834227E2CDFC} = {83F0D4B0-7B5E-4096-843E-C705950C17BD}
		{A20481FD-47C8-41D2-9C96-90DCB3841984} = {48C1DAD4-D35D-41D1-A60E-D09C2A46CF7D}
		{D3DE27C9-A7D4-43DF-AEBD-51BBCD13EE92} = {0591AE70-E7F0-4724-A694-6643AD80E5FC}
		{78166C1D-1D11-48D9-9779-68AE39FDBF61} = {48C1DAD4-D35D-41D1-A60E-D09C2A46CF7D}
	EndGlobalSection
	GlobalSection(ExtensibilityGlobals) = postSolution
		SolutionGuid = {E6596D8D-F633-4D4B-AA11-5D1C7A155862}
	EndGlobalSection
EndGlobal
